
Microsoft Visual Studio Solution File, Format Version 12.00
# Visual Studio Version 17
VisualStudioVersion = 17.2.32427.441
MinimumVisualStudioVersion = 10.0.40219.1
Project("{9A19103F-16F7-4668-BE54-9A1E7A4F7556}") = "LastRaid", "LastRaid.csproj", "{443DC88C-3DE1-4064-A239-963FCC93DDC4}"
EndProject
Global
	GlobalSection(SolutionConfigurationPlatforms) = preSolution
		Debug|Any CPU = Debug|Any CPU
		Release|Any CPU = Release|Any CPU
	EndGlobalSection
	GlobalSection(ProjectConfigurationPlatforms) = postSolution
		{443DC88C-3DE1-4064-A239-963FCC93DDC4}.Debug|Any CPU.ActiveCfg = Debug|Any CPU
		{443DC88C-3DE1-4064-A239-963FCC93DDC4}.Debug|Any CPU.Build.0 = Debug|Any CPU
		{443DC88C-3DE1-4064-A239-963FCC93DDC4}.Release|Any CPU.ActiveCfg = Release|Any CPU
		{443DC88C-3DE1-4064-A239-963FCC93DDC4}.Release|Any CPU.Build.0 = Release|Any CPU
	EndGlobalSection
	GlobalSection(SolutionProperties) = preSolution
		HideSolutionNode = FALSE
	EndGlobalSection
	GlobalSection(ExtensibilityGlobals) = postSolution
		SolutionGuid = {A86FB9CF-9C07-4BAB-A3DD-E71B6FD01F68}
	EndGlobalSection
EndGlobal
